{
  "version": 4,
  "terraform_version": "1.14.0",
  "serial": 96,
  "lineage": "04916e05-51d6-4457-af08-812897f0ea8a",
  "outputs": {},
  "resources": [
    {
      "mode": "managed",
      "type": "aws_iam_group",
      "name": "auditors_group",
      "provider": "provider[\"registry.terraform.io/hashicorp/aws\"]",
      "instances": [
        {
          "schema_version": 0,
          "attributes": {
            "arn": "arn:aws:iam::895827142064:group/auditores_s3",
            "id": "auditores_s3",
            "name": "auditores_s3",
            "path": "/",
            "unique_id": "AGPA5BE3VMWYI7ZTWQC5E"
          },
          "sensitive_attributes": [],
          "identity_schema_version": 0,
          "private": "bnVsbA=="
        }
      ]
    },
    {
      "mode": "managed",
      "type": "aws_iam_group_membership",
      "name": "group_membership",
      "provider": "provider[\"registry.terraform.io/hashicorp/aws\"]",
      "instances": [
        {
          "schema_version": 0,
          "attributes": {
            "group": "auditores_s3",
            "id": "auditores_s3_membership",
            "name": "auditores_s3_membership",
            "users": [
              "becario_cloud"
            ]
          },
          "sensitive_attributes": [],
          "identity_schema_version": 0,
          "private": "bnVsbA==",
          "dependencies": [
            "aws_iam_group.auditors_group",
            "aws_iam_user.employee_user"
          ]
        }
      ]
    },
    {
      "mode": "managed",
      "type": "aws_iam_group_policy_attachment",
      "name": "policy_attachment",
      "provider": "provider[\"registry.terraform.io/hashicorp/aws\"]",
      "instances": [
        {
          "schema_version": 0,
          "attributes": {
            "group": "auditores_s3",
            "id": "auditores_s3-20251203152022531300000001",
            "policy_arn": "arn:aws:iam::895827142064:policy/s3_readonly_policy"
          },
          "sensitive_attributes": [],
          "identity_schema_version": 0,
          "private": "bnVsbA==",
          "dependencies": [
            "aws_iam_group.auditors_group",
            "aws_iam_policy.s3_readonly",
            "aws_s3_bucket.test_bucket"
          ]
        }
      ]
    },
    {
      "mode": "managed",
      "type": "aws_iam_policy",
      "name": "s3_readonly",
      "provider": "provider[\"registry.terraform.io/hashicorp/aws\"]",
      "instances": [
        {
          "schema_version": 0,
          "attributes": {
            "arn": "arn:aws:iam::895827142064:policy/s3_readonly_policy",
            "attachment_count": 0,
            "description": "IAM policy to provide read-only access to S3 buckets",
            "id": "arn:aws:iam::895827142064:policy/s3_readonly_policy",
            "name": "s3_readonly_policy",
            "name_prefix": "",
            "path": "/",
            "policy": "{\"Statement\":[{\"Action\":[\"s3:GetObject\"],\"Effect\":\"Allow\",\"Resource\":[\"arn:aws:s3:::my-test-bucket-adfer-e0801584-3523-4c42-8116-7052bff29d2a/*\"]},{\"Action\":[\"s3:ListBucket\"],\"Effect\":\"Allow\",\"Resource\":[\"arn:aws:s3:::my-test-bucket-adfer-e0801584-3523-4c42-8116-7052bff29d2a\"]},{\"Action\":[\"s3:ListAllMyBuckets\",\"s3:GetBucketLocation\"],\"Effect\":\"Allow\",\"Resource\":[\"arn:aws:s3:::*\"]}],\"Version\":\"2012-10-17\"}",
            "policy_id": "ANPA5BE3VMWYBW3RN5UAY",
            "tags": null,
            "tags_all": {}
          },
          "sensitive_attributes": [],
          "identity_schema_version": 0,
          "identity": {
            "arn": "arn:aws:iam::895827142064:policy/s3_readonly_policy"
          },
          "private": "bnVsbA==",
          "dependencies": [
            "aws_s3_bucket.test_bucket"
          ]
        }
      ]
    },
    {
      "mode": "managed",
      "type": "aws_iam_user",
      "name": "employee_user",
      "provider": "provider[\"registry.terraform.io/hashicorp/aws\"]",
      "instances": [
        {
          "schema_version": 0,
          "attributes": {
            "arn": "arn:aws:iam::895827142064:user/becario_cloud",
            "force_destroy": false,
            "id": "becario_cloud",
            "name": "becario_cloud",
            "path": "/",
            "permissions_boundary": "",
            "tags": null,
            "tags_all": {},
            "unique_id": "AIDA5BE3VMWYCXFHMIMNN"
          },
          "sensitive_attributes": [],
          "identity_schema_version": 0,
          "private": "bnVsbA=="
        }
      ]
    },
    {
      "mode": "managed",
      "type": "aws_s3_bucket",
      "name": "test_bucket",
      "provider": "provider[\"registry.terraform.io/hashicorp/aws\"]",
      "instances": [
        {
          "schema_version": 0,
          "attributes": {
            "acceleration_status": "",
            "acl": null,
            "arn": "arn:aws:s3:::my-test-bucket-adfer-e0801584-3523-4c42-8116-7052bff29d2a",
            "bucket": "my-test-bucket-adfer-e0801584-3523-4c42-8116-7052bff29d2a",
            "bucket_domain_name": "my-test-bucket-adfer-e0801584-3523-4c42-8116-7052bff29d2a.s3.amazonaws.com",
            "bucket_prefix": "",
            "bucket_region": "us-east-1",
            "bucket_regional_domain_name": "my-test-bucket-adfer-e0801584-3523-4c42-8116-7052bff29d2a.s3.us-east-1.amazonaws.com",
            "cors_rule": [],
            "force_destroy": true,
            "grant": [
              {
                "id": "6dafba6265cc7f84fca902a69a36cdc44b3c3607b394812e1862958f378713f5",
                "permissions": [
                  "FULL_CONTROL"
                ],
                "type": "CanonicalUser",
                "uri": ""
              }
            ],
            "hosted_zone_id": "Z3AQBSTGFYJSTF",
            "id": "my-test-bucket-adfer-e0801584-3523-4c42-8116-7052bff29d2a",
            "lifecycle_rule": [],
            "logging": [],
            "object_lock_configuration": [],
            "object_lock_enabled": false,
            "policy": "",
            "region": "us-east-1",
            "replication_configuration": [],
            "request_payer": "BucketOwner",
            "server_side_encryption_configuration": [
              {
                "rule": [
                  {
                    "apply_server_side_encryption_by_default": [
                      {
                        "kms_master_key_id": "",
                        "sse_algorithm": "AES256"
                      }
                    ],
                    "bucket_key_enabled": false
                  }
                ]
              }
            ],
            "tags": null,
            "tags_all": {},
            "timeouts": null,
            "versioning": [
              {
                "enabled": false,
                "mfa_delete": false
              }
            ],
            "website": [],
            "website_domain": null,
            "website_endpoint": null
          },
          "sensitive_attributes": [],
          "identity_schema_version": 0,
          "identity": {
            "account_id": "895827142064",
            "bucket": "my-test-bucket-adfer-e0801584-3523-4c42-8116-7052bff29d2a",
            "region": "us-east-1"
          },
          "private": "eyJlMmJmYjczMC1lY2FhLTExZTYtOGY4OC0zNDM2M2JjN2M0YzAiOnsiY3JlYXRlIjoxMjAwMDAwMDAwMDAwLCJkZWxldGUiOjM2MDAwMDAwMDAwMDAsInJlYWQiOjEyMDAwMDAwMDAwMDAsInVwZGF0ZSI6MTIwMDAwMDAwMDAwMH19"
        }
      ]
    }
  ],
  "check_results": [
    {
      "object_kind": "var",
      "config_addr": "var.employee_name",
      "status": "pass",
      "objects": [
        {
          "object_addr": "var.employee_name",
          "status": "pass"
        }
      ]
    },
    {
      "object_kind": "var",
      "config_addr": "var.group_name",
      "status": "pass",
      "objects": [
        {
          "object_addr": "var.group_name",
          "status": "pass"
        }
      ]
    },
    {
      "object_kind": "var",
      "config_addr": "var.configurable_region",
      "status": "pass",
      "objects": [
        {
          "object_addr": "var.configurable_region",
          "status": "pass"
        }
      ]
    }
  ]
}
